
Microsoft Visual Studio Solution File, Format Version 12.00
# Visual Studio Version 17
VisualStudioVersion = 17.3.32922.545
MinimumVisualStudioVersion = 10.0.40219.1
Project("{8BC9CEB8-8B4A-11D0-8D11-00A0C91BC942}") = "lab_9", "lab_9.vcxproj", "{4F1EEAC6-17A9-43BC-93B7-7C674C46F687}"
EndProject
Global
	GlobalSection(SolutionConfigurationPlatforms) = preSolution
		Debug|x64 = Debug|x64
		Debug|x86 = Debug|x86
		Release|x64 = Release|x64
		Release|x86 = Release|x86
	EndGlobalSection
	GlobalSection(ProjectConfigurationPlatforms) = postSolution
		{4F1EEAC6-17A9-43BC-93B7-7C674C46F687}.Debug|x64.ActiveCfg = Debug|x64
		{4F1EEAC6-17A9-43BC-93B7-7C674C46F687}.Debug|x64.Build.0 = Debug|x64
		{4F1EEAC6-17A9-43BC-93B7-7C674C46F687}.Debug|x86.ActiveCfg = Debug|Win32
		{4F1EEAC6-17A9-43BC-93B7-7C674C46F687}.Debug|x86.Build.0 = Debug|Win32
		{4F1EEAC6-17A9-43BC-93B7-7C674C46F687}.Release|x64.ActiveCfg = Release|x64
		{4F1EEAC6-17A9-43BC-93B7-7C674C46F687}.Release|x64.Build.0 = Release|x64
		{4F1EEAC6-17A9-43BC-93B7-7C674C46F687}.Release|x86.ActiveCfg = Release|Win32
		{4F1EEAC6-17A9-43BC-93B7-7C674C46F687}.Release|x86.Build.0 = Release|Win32
	EndGlobalSection
	GlobalSection(SolutionProperties) = preSolution
		HideSolutionNode = FALSE
	EndGlobalSection
	GlobalSection(ExtensibilityGlobals) = postSolution
		SolutionGuid = {1A72E95C-CFE7-4A17-8667-50644973D5DE}
	EndGlobalSection
EndGlobal
